{
  "originHash" : "ce140d5e7b5741833a334496f6ebb3ab72b43eafac6fb456ee8165e0efab2dfa",
  "pins" : [
    {
      "identity" : "logtools",
      "kind" : "remoteSourceControl",
      "location" : "https://github.com/felfoldy/LogTools.git",
      "state" : {
        "revision" : "ff3db447006f30684103770b66e977cc51303f2e",
        "version" : "1.1.0"
      }
    },
    {
      "identity" : "swift-syntax",
      "kind" : "remoteSourceControl",
      "location" : "https://github.com/swiftlang/swift-syntax.git",
      "state" : {
        "revision" : "f99ae8aa18f0cf0d53481901f88a0991dc3bd4a2",
        "version" : "601.0.1"
      }
    },
    {
      "identity" : "swiftpy",
      "kind" : "remoteSourceControl",
      "location" : "https://github.com/felfoldy/SwiftPy",
      "state" : {
        "revision" : "c6fd848b56847e2afd151af124d35aa969c979a5",
        "version" : "0.15.2"
      }
    }
  ],
  "version" : 3
}
